
Microsoft Visual Studio Solution File, Format Version 12.00
# Visual Studio Version 17
VisualStudioVersion = 17.2.32526.322
MinimumVisualStudioVersion = 10.0.40219.1
Project("{FAE04EC0-301F-11D3-BF4B-00C04F79EFBC}") = "Tracer.Serialization.Json", "Tracer.Serialization.Json\Tracer.Serialization.Json.csproj", "{F229EF44-3E81-481E-B021-1621E955D1E7}"
EndProject
Project("{FAE04EC0-301F-11D3-BF4B-00C04F79EFBC}") = "Tracer.Serialization.Yaml", "Tracer.Serialization.Yaml\Tracer.Serialization.Yaml.csproj", "{4F80BA7E-8C7E-44B3-AEF6-E6FD8B756426}"
EndProject
Project("{FAE04EC0-301F-11D3-BF4B-00C04F79EFBC}") = "Tracer.Serialization.Xml", "Tracer.Serialization.Xml\Tracer.Serialization.Xml.csproj", "{2A08F5A7-9501-4425-9A74-C408CCDE8D80}"
EndProject
Global
	GlobalSection(SolutionConfigurationPlatforms) = preSolution
		Debug|Any CPU = Debug|Any CPU
		Release|Any CPU = Release|Any CPU
	EndGlobalSection
	GlobalSection(ProjectConfigurationPlatforms) = postSolution
		{F229EF44-3E81-481E-B021-1621E955D1E7}.Debug|Any CPU.ActiveCfg = Debug|Any CPU
		{F229EF44-3E81-481E-B021-1621E955D1E7}.Debug|Any CPU.Build.0 = Debug|Any CPU
		{F229EF44-3E81-481E-B021-1621E955D1E7}.Release|Any CPU.ActiveCfg = Release|Any CPU
		{F229EF44-3E81-481E-B021-1621E955D1E7}.Release|Any CPU.Build.0 = Release|Any CPU
		{4F80BA7E-8C7E-44B3-AEF6-E6FD8B756426}.Debug|Any CPU.ActiveCfg = Debug|Any CPU
		{4F80BA7E-8C7E-44B3-AEF6-E6FD8B756426}.Debug|Any CPU.Build.0 = Debug|Any CPU
		{4F80BA7E-8C7E-44B3-AEF6-E6FD8B756426}.Release|Any CPU.ActiveCfg = Release|Any CPU
		{4F80BA7E-8C7E-44B3-AEF6-E6FD8B756426}.Release|Any CPU.Build.0 = Release|Any CPU
		{2A08F5A7-9501-4425-9A74-C408CCDE8D80}.Debug|Any CPU.ActiveCfg = Debug|Any CPU
		{2A08F5A7-9501-4425-9A74-C408CCDE8D80}.Debug|Any CPU.Build.0 = Debug|Any CPU
		{2A08F5A7-9501-4425-9A74-C408CCDE8D80}.Release|Any CPU.ActiveCfg = Release|Any CPU
		{2A08F5A7-9501-4425-9A74-C408CCDE8D80}.Release|Any CPU.Build.0 = Release|Any CPU
	EndGlobalSection
	GlobalSection(SolutionProperties) = preSolution
		HideSolutionNode = FALSE
	EndGlobalSection
	GlobalSection(ExtensibilityGlobals) = postSolution
		SolutionGuid = {3EBD58F9-8819-4E20-B86D-AED047CE949B}
	EndGlobalSection
EndGlobal
